// !$*UTF8*$!
{
	archiveVersion = 1;
	classes = {
	};
	objectVersion = 46;
	objects = {

/* Begin PBXFileReference section */
		649206FE1C32FDD700B31CCE /* reactor55 */ = {isa = PBXFileReference; lastKnownFileType = folder; name = reactor55; sourceTree = "<group>"; };
/* End PBXFileReference section */

/* Begin PBXGroup section */
		649206F71C32FDA100B31CCE = {
			isa = PBXGroup;
			children = (
				649206FE1C32FDD700B31CCE /* reactor55 */,
			);
			sourceTree = "<group>";
		};
/* End PBXGroup section */

/* Begin PBXProject section */
		649206F81C32FDA100B31CCE /* Project object */ = {
			isa = PBXProject;
			attributes = {
				LastUpgradeCheck = 0620;
			};
			buildConfigurationList = 649206FB1C32FDA100B31CCE /* Build configuration list for PBXProject "reactor55" */;
			compatibilityVersion = "Xcode 3.2";
			developmentRegion = English;
			hasScannedForEncodings = 0;
			knownRegions = (
				en,
			);
			mainGroup = 649206F71C32FDA100B31CCE;
			projectDirPath = "";
			projectRoot = "";
			targets = (
			);
		};
/* End PBXProject section */

/* Begin XCBuildConfiguration section */
		649206FC1C32FDA100B31CCE /* Debug */ = {
			isa = XCBuildConfiguration;
			buildSettings = {
			};
			name = Debug;
		};
		649206FD1C32FDA100B31CCE /* Release */ = {
			isa = XCBuildConfiguration;
			buildSettings = {
			};
			name = Release;
		};
/* End XCBuildConfiguration section */

/* Begin XCConfigurationList section */
		649206FB1C32FDA100B31CCE /* Build configuration list for PBXProject "reactor55" */ = {
			isa = XCConfigurationList;
			buildConfigurations = (
				649206FC1C32FDA100B31CCE /* Debug */,
				649206FD1C32FDA100B31CCE /* Release */,
			);
			defaultConfigurationIsVisible = 0;
			defaultConfigurationName = Release;
		};
/* End XCConfigurationList section */
	};
	rootObject = 649206F81C32FDA100B31CCE /* Project object */;
}
